
Microsoft Visual Studio Solution File, Format Version 12.00
# Visual Studio Version 16
VisualStudioVersion = 16.0.31205.134
MinimumVisualStudioVersion = 10.0.40219.1
Project("{FAE04EC0-301F-11D3-BF4B-00C04F79EFBC}") = "ResizeArrayProgram", "ResizeArrayProgram\ResizeArrayProgram.csproj", "{165E6F8B-7B5D-4D4D-943E-B5257EB84B64}"
EndProject
Global
	GlobalSection(SolutionConfigurationPlatforms) = preSolution
		Debug|Any CPU = Debug|Any CPU
		Release|Any CPU = Release|Any CPU
	EndGlobalSection
	GlobalSection(ProjectConfigurationPlatforms) = postSolution
		{165E6F8B-7B5D-4D4D-943E-B5257EB84B64}.Debug|Any CPU.ActiveCfg = Debug|Any CPU
		{165E6F8B-7B5D-4D4D-943E-B5257EB84B64}.Debug|Any CPU.Build.0 = Debug|Any CPU
		{165E6F8B-7B5D-4D4D-943E-B5257EB84B64}.Release|Any CPU.ActiveCfg = Release|Any CPU
		{165E6F8B-7B5D-4D4D-943E-B5257EB84B64}.Release|Any CPU.Build.0 = Release|Any CPU
	EndGlobalSection
	GlobalSection(SolutionProperties) = preSolution
		HideSolutionNode = FALSE
	EndGlobalSection
	GlobalSection(ExtensibilityGlobals) = postSolution
		SolutionGuid = {0ED13BEF-2AA4-4FB4-85B3-B7F1F5DDBC79}
	EndGlobalSection
EndGlobal
